// !$*UTF8*$!
{
	archiveVersion = 1;
	classes = {
	};
	objectVersion = 46;
	objects = {

/* Begin PBXBuildFile section */
		1841F2481A51063A007D325D /* main.m in Sources */ = {isa = PBXBuildFile; fileRef = 1841F2471A51063A007D325D /* main.m */; };
		1841F24B1A51063A007D325D /* AppDelegate.m in Sources */ = {isa = PBXBuildFile; fileRef = 1841F24A1A51063A007D325D /* AppDelegate.m */; };
		1841F24E1A51063A007D325D /* ViewController.m in Sources */ = {isa = PBXBuildFile; fileRef = 1841F24D1A51063A007D325D /* ViewController.m */; };
		1841F2511A51063A007D325D /* Main.storyboard in Resources */ = {isa = PBXBuildFile; fileRef = 1841F24F1A51063A007D325D /* Main.storyboard */; };
		1841F2531A51063A007D325D /* Images.xcassets in Resources */ = {isa = PBXBuildFile; fileRef = 1841F2521A51063A007D325D /* Images.xcassets */; };
		1841F2561A51063A007D325D /* LaunchScreen.xib in Resources */ = {isa = PBXBuildFile; fileRef = 1841F2541A51063A007D325D /* LaunchScreen.xib */; };
		1841F2621A51063A007D325D /* A05_plist____Tests.m in Sources */ = {isa = PBXBuildFile; fileRef = 1841F2611A51063A007D325D /* A05_plist____Tests.m */; };
		184B09811A512D9F00805E22 /* Contact.m in Sources */ = {isa = PBXBuildFile; fileRef = 184B09801A512D9F00805E22 /* Contact.m */; };
/* End PBXBuildFile section */

/* Begin PBXContainerItemProxy section */
		1841F25C1A51063A007D325D /* PBXContainerItemProxy */ = {
			isa = PBXContainerItemProxy;
			containerPortal = 1841F23A1A51063A007D325D /* Project object */;
			proxyType = 1;
			remoteGlobalIDString = 1841F2411A51063A007D325D;
			remoteInfo = "A05.plist文件存储";
		};
/* End PBXContainerItemProxy section */

/* Begin PBXFileReference section */
		1841F2421A51063A007D325D /* A05.plist文件存储.app */ = {isa = PBXFileReference; explicitFileType = wrapper.application; includeInIndex = 0; path = "A05.plist文件存储.app"; sourceTree = BUILT_PRODUCTS_DIR; };
		1841F2461A51063A007D325D /* Info.plist */ = {isa = PBXFileReference; lastKnownFileType = text.plist.xml; path = Info.plist; sourceTree = "<group>"; };
		1841F2471A51063A007D325D /* main.m */ = {isa = PBXFileReference; lastKnownFileType = sourcecode.c.objc; path = main.m; sourceTree = "<group>"; };
		1841F2491A51063A007D325D /* AppDelegate.h */ = {isa = PBXFileReference; lastKnownFileType = sourcecode.c.h; path = AppDelegate.h; sourceTree = "<group>"; };
		1841F24A1A51063A007D325D /* AppDelegate.m */ = {isa = PBXFileReference; lastKnownFileType = sourcecode.c.objc; path = AppDelegate.m; sourceTree = "<group>"; };
		1841F24C1A51063A007D325D /* ViewController.h */ = {isa = PBXFileReference; lastKnownFileType = sourcecode.c.h; path = ViewController.h; sourceTree = "<group>"; };
		1841F24D1A51063A007D325D /* ViewController.m */ = {isa = PBXFileReference; lastKnownFileType = sourcecode.c.objc; path = ViewController.m; sourceTree = "<group>"; };
		1841F2501A51063A007D325D /* Base */ = {isa = PBXFileReference; lastKnownFileType = file.storyboard; name = Base; path = Base.lproj/Main.storyboard; sourceTree = "<group>"; };
		1841F2521A51063A007D325D /* Images.xcassets */ = {isa = PBXFileReference; lastKnownFileType = folder.assetcatalog; path = Images.xcassets; sourceTree = "<group>"; };
		1841F2551A51063A007D325D /* Base */ = {isa = PBXFileReference; lastKnownFileType = file.xib; name = Base; path = Base.lproj/LaunchScreen.xib; sourceTree = "<group>"; };
		1841F25B1A51063A007D325D /* A05.plist文件存储Tests.xctest */ = {isa = PBXFileReference; explicitFileType = wrapper.cfbundle; includeInIndex = 0; path = "A05.plist文件存储Tests.xctest"; sourceTree = BUILT_PRODUCTS_DIR; };
		1841F2601A51063A007D325D /* Info.plist */ = {isa = PBXFileReference; lastKnownFileType = text.plist.xml; path = Info.plist; sourceTree = "<group>"; };
		1841F2611A51063A007D325D /* A05_plist____Tests.m */ = {isa = PBXFileReference; lastKnownFileType = sourcecode.c.objc; path = "A05_plist____Tests.m"; sourceTree = "<group>"; };
		184B097F1A512D9F00805E22 /* Contact.h */ = {isa = PBXFileReference; fileEncoding = 4; lastKnownFileType = sourcecode.c.h; path = Contact.h; sourceTree = "<group>"; };
		184B09801A512D9F00805E22 /* Contact.m */ = {isa = PBXFileReference; fileEncoding = 4; lastKnownFileType = sourcecode.c.objc; path = Contact.m; sourceTree = "<group>"; };
/* End PBXFileReference section */

/* Begin PBXFrameworksBuildPhase section */
		1841F23F1A51063A007D325D /* Frameworks */ = {
			isa = PBXFrameworksBuildPhase;
			buildActionMask = 2147483647;
			files = (
			);
			runOnlyForDeploymentPostprocessing = 0;
		};
		1841F2581A51063A007D325D /* Frameworks */ = {
			isa = PBXFrameworksBuildPhase;
			buildActionMask = 2147483647;
			files = (
			);
			runOnlyForDeploymentPostprocessing = 0;
		};
/* End PBXFrameworksBuildPhase section */

/* Begin PBXGroup section */
		1841F2391A51063A007D325D = {
			isa = PBXGroup;
			children = (
				1841F2441A51063A007D325D /* A05.plist文件存储 */,
				1841F25E1A51063A007D325D /* A05.plist文件存储Tests */,
				1841F2431A51063A007D325D /* Products */,
			);
			sourceTree = "<group>";
		};
		1841F2431A51063A007D325D /* Products */ = {
			isa = PBXGroup;
			children = (
				1841F2421A51063A007D325D /* A05.plist文件存储.app */,
				1841F25B1A51063A007D325D /* A05.plist文件存储Tests.xctest */,
			);
			name = Products;
			sourceTree = "<group>";
		};
		1841F2441A51063A007D325D /* A05.plist文件存储 */ = {
			isa = PBXGroup;
			children = (
				1841F2491A51063A007D325D /* AppDelegate.h */,
				1841F24A1A51063A007D325D /* AppDelegate.m */,
				1841F24C1A51063A007D325D /* ViewController.h */,
				1841F24D1A51063A007D325D /* ViewController.m */,
				1841F24F1A51063A007D325D /* Main.storyboard */,
				1841F2521A51063A007D325D /* Images.xcassets */,
				1841F2541A51063A007D325D /* LaunchScreen.xib */,
				1841F2451A51063A007D325D /* Supporting Files */,
				184B097F1A512D9F00805E22 /* Contact.h */,
				184B09801A512D9F00805E22 /* Contact.m */,
			);
			path = "A05.plist文件存储";
			sourceTree = "<group>";
		};
		1841F2451A51063A007D325D /* Supporting Files */ = {
			isa = PBXGroup;
			children = (
				1841F2461A51063A007D325D /* Info.plist */,
				1841F2471A51063A007D325D /* main.m */,
			);
			name = "Supporting Files";
			sourceTree = "<group>";
		};
		1841F25E1A51063A007D325D /* A05.plist文件存储Tests */ = {
			isa = PBXGroup;
			children = (
				1841F2611A51063A007D325D /* A05_plist____Tests.m */,
				1841F25F1A51063A007D325D /* Supporting Files */,
			);
			path = "A05.plist文件存储Tests";
			sourceTree = "<group>";
		};
		1841F25F1A51063A007D325D /* Supporting Files */ = {
			isa = PBXGroup;
			children = (
				1841F2601A51063A007D325D /* Info.plist */,
			);
			name = "Supporting Files";
			sourceTree = "<group>";
		};
/* End PBXGroup section */

/* Begin PBXNativeTarget section */
		1841F2411A51063A007D325D /* A05.plist文件存储 */ = {
			isa = PBXNativeTarget;
			buildConfigurationList = 1841F2651A51063A007D325D /* Build configuration list for PBXNativeTarget "A05.plist文件存储" */;
			buildPhases = (
				1841F23E1A51063A007D325D /* Sources */,
				1841F23F1A51063A007D325D /* Frameworks */,
				1841F2401A51063A007D325D /* Resources */,
			);
			buildRules = (
			);
			dependencies = (
			);
			name = "A05.plist文件存储";
			productName = "A05.plist文件存储";
			productReference = 1841F2421A51063A007D325D /* A05.plist文件存储.app */;
			productType = "com.apple.product-type.application";
		};
		1841F25A1A51063A007D325D /* A05.plist文件存储Tests */ = {
			isa = PBXNativeTarget;
			buildConfigurationList = 1841F2681A51063A007D325D /* Build configuration list for PBXNativeTarget "A05.plist文件存储Tests" */;
			buildPhases = (
				1841F2571A51063A007D325D /* Sources */,
				1841F2581A51063A007D325D /* Frameworks */,
				1841F2591A51063A007D325D /* Resources */,
			);
			buildRules = (
			);
			dependencies = (
				1841F25D1A51063A007D325D /* PBXTargetDependency */,
			);
			name = "A05.plist文件存储Tests";
			productName = "A05.plist文件存储Tests";
			productReference = 1841F25B1A51063A007D325D /* A05.plist文件存储Tests.xctest */;
			productType = "com.apple.product-type.bundle.unit-test";
		};
/* End PBXNativeTarget section */

/* Begin PBXProject section */
		1841F23A1A51063A007D325D /* Project object */ = {
			isa = PBXProject;
			attributes = {
				LastUpgradeCheck = 0610;
				ORGANIZATIONNAME = itcast;
				TargetAttributes = {
					1841F2411A51063A007D325D = {
						CreatedOnToolsVersion = 6.1;
					};
					1841F25A1A51063A007D325D = {
						CreatedOnToolsVersion = 6.1;
						TestTargetID = 1841F2411A51063A007D325D;
					};
				};
			};
			buildConfigurationList = 1841F23D1A51063A007D325D /* Build configuration list for PBXProject "A05.plist文件存储" */;
			compatibilityVersion = "Xcode 3.2";
			developmentRegion = English;
			hasScannedForEncodings = 0;
			knownRegions = (
				en,
				Base,
			);
			mainGroup = 1841F2391A51063A007D325D;
			productRefGroup = 1841F2431A51063A007D325D /* Products */;
			projectDirPath = "";
			projectRoot = "";
			targets = (
				1841F2411A51063A007D325D /* A05.plist文件存储 */,
				1841F25A1A51063A007D325D /* A05.plist文件存储Tests */,
			);
		};
/* End PBXProject section */

/* Begin PBXResourcesBuildPhase section */
		1841F2401A51063A007D325D /* Resources */ = {
			isa = PBXResourcesBuildPhase;
			buildActionMask = 2147483647;
			files = (
				1841F2511A51063A007D325D /* Main.storyboard in Resources */,
				1841F2561A51063A007D325D /* LaunchScreen.xib in Resources */,
				1841F2531A51063A007D325D /* Images.xcassets in Resources */,
			);
			runOnlyForDeploymentPostprocessing = 0;
		};
		1841F2591A51063A007D325D /* Resources */ = {
			isa = PBXResourcesBuildPhase;
			buildActionMask = 2147483647;
			files = (
			);
			runOnlyForDeploymentPostprocessing = 0;
		};
/* End PBXResourcesBuildPhase section */

/* Begin PBXSourcesBuildPhase section */
		1841F23E1A51063A007D325D /* Sources */ = {
			isa = PBXSourcesBuildPhase;
			buildActionMask = 2147483647;
			files = (
				184B09811A512D9F00805E22 /* Contact.m in Sources */,
				1841F24E1A51063A007D325D /* ViewController.m in Sources */,
				1841F24B1A51063A007D325D /* AppDelegate.m in Sources */,
				1841F2481A51063A007D325D /* main.m in Sources */,
			);
			runOnlyForDeploymentPostprocessing = 0;
		};
		1841F2571A51063A007D325D /* Sources */ = {
			isa = PBXSourcesBuildPhase;
			buildActionMask = 2147483647;
			files = (
				1841F2621A51063A007D325D /* A05_plist____Tests.m in Sources */,
			);
			runOnlyForDeploymentPostprocessing = 0;
		};
/* End PBXSourcesBuildPhase section */

/* Begin PBXTargetDependency section */
		1841F25D1A51063A007D325D /* PBXTargetDependency */ = {
			isa = PBXTargetDependency;
			target = 1841F2411A51063A007D325D /* A05.plist文件存储 */;
			targetProxy = 1841F25C1A51063A007D325D /* PBXContainerItemProxy */;
		};
/* End PBXTargetDependency section */

/* Begin PBXVariantGroup section */
		1841F24F1A51063A007D325D /* Main.storyboard */ = {
			isa = PBXVariantGroup;
			children = (
				1841F2501A51063A007D325D /* Base */,
			);
			name = Main.storyboard;
			sourceTree = "<group>";
		};
		1841F2541A51063A007D325D /* LaunchScreen.xib */ = {
			isa = PBXVariantGroup;
			children = (
				1841F2551A51063A007D325D /* Base */,
			);
			name = LaunchScreen.xib;
			sourceTree = "<group>";
		};
/* End PBXVariantGroup section */

/* Begin XCBuildConfiguration section */
		1841F2631A51063A007D325D /* Debug */ = {
			isa = XCBuildConfiguration;
			buildSettings = {
				ALWAYS_SEARCH_USER_PATHS = NO;
				CLANG_CXX_LANGUAGE_STANDARD = "gnu++0x";
				CLANG_CXX_LIBRARY = "libc++";
				CLANG_ENABLE_MODULES = YES;
				CLANG_ENABLE_OBJC_ARC = YES;
				CLANG_WARN_BOOL_CONVERSION = YES;
				CLANG_WARN_CONSTANT_CONVERSION = YES;
				CLANG_WARN_DIRECT_OBJC_ISA_USAGE = YES_ERROR;
				CLANG_WARN_EMPTY_BODY = YES;
				CLANG_WARN_ENUM_CONVERSION = YES;
				CLANG_WARN_INT_CONVERSION = YES;
				CLANG_WARN_OBJC_ROOT_CLASS = YES_ERROR;
				CLANG_WARN_UNREACHABLE_CODE = YES;
				CLANG_WARN__DUPLICATE_METHOD_MATCH = YES;
				"CODE_SIGN_IDENTITY[sdk=iphoneos*]" = "iPhone Developer";
				COPY_PHASE_STRIP = NO;
				ENABLE_STRICT_OBJC_MSGSEND = YES;
				GCC_C_LANGUAGE_STANDARD = gnu99;
				GCC_DYNAMIC_NO_PIC = NO;
				GCC_OPTIMIZATION_LEVEL = 0;
				GCC_PREPROCESSOR_DEFINITIONS = (
					"DEBUG=1",
					"$(inherited)",
				);
				GCC_SYMBOLS_PRIVATE_EXTERN = NO;
				GCC_WARN_64_TO_32_BIT_CONVERSION = YES;
				GCC_WARN_ABOUT_RETURN_TYPE = YES_ERROR;
				GCC_WARN_UNDECLARED_SELECTOR = YES;
				GCC_WARN_UNINITIALIZED_AUTOS = YES_AGGRESSIVE;
				GCC_WARN_UNUSED_FUNCTION = YES;
				GCC_WARN_UNUSED_VARIABLE = YES;
				IPHONEOS_DEPLOYMENT_TARGET = 8.1;
				MTL_ENABLE_DEBUG_INFO = YES;
				ONLY_ACTIVE_ARCH = YES;
				SDKROOT = iphoneos;
			};
			name = Debug;
		};
		1841F2641A51063A007D325D /* Release */ = {
			isa = XCBuildConfiguration;
			buildSettings = {
				ALWAYS_SEARCH_USER_PATHS = NO;
				CLANG_CXX_LANGUAGE_STANDARD = "gnu++0x";
				CLANG_CXX_LIBRARY = "libc++";
				CLANG_ENABLE_MODULES = YES;
				CLANG_ENABLE_OBJC_ARC = YES;
				CLANG_WARN_BOOL_CONVERSION = YES;
				CLANG_WARN_CONSTANT_CONVERSION = YES;
				CLANG_WARN_DIRECT_OBJC_ISA_USAGE = YES_ERROR;
				CLANG_WARN_EMPTY_BODY = YES;
				CLANG_WARN_ENUM_CONVERSION = YES;
				CLANG_WARN_INT_CONVERSION = YES;
				CLANG_WARN_OBJC_ROOT_CLASS = YES_ERROR;
				CLANG_WARN_UNREACHABLE_CODE = YES;
				CLANG_WARN__DUPLICATE_METHOD_MATCH = YES;
				"CODE_SIGN_IDENTITY[sdk=iphoneos*]" = "iPhone Developer";
				COPY_PHASE_STRIP = YES;
				ENABLE_NS_ASSERTIONS = NO;
				ENABLE_STRICT_OBJC_MSGSEND = YES;
				GCC_C_LANGUAGE_STANDARD = gnu99;
				GCC_WARN_64_TO_32_BIT_CONVERSION = YES;
				GCC_WARN_ABOUT_RETURN_TYPE = YES_ERROR;
				GCC_WARN_UNDECLARED_SELECTOR = YES;
				GCC_WARN_UNINITIALIZED_AUTOS = YES_AGGRESSIVE;
				GCC_WARN_UNUSED_FUNCTION = YES;
				GCC_WARN_UNUSED_VARIABLE = YES;
				IPHONEOS_DEPLOYMENT_TARGET = 8.1;
				MTL_ENABLE_DEBUG_INFO = NO;
				SDKROOT = iphoneos;
				VALIDATE_PRODUCT = YES;
			};
			name = Release;
		};
		1841F2661A51063A007D325D /* Debug */ = {
			isa = XCBuildConfiguration;
			buildSettings = {
				ASSETCATALOG_COMPILER_APPICON_NAME = AppIcon;
				INFOPLIST_FILE = "A05.plist文件存储/Info.plist";
				LD_RUNPATH_SEARCH_PATHS = "$(inherited) @executable_path/Frameworks";
				PRODUCT_NAME = "$(TARGET_NAME)";
			};
			name = Debug;
		};
		1841F2671A51063A007D325D /* Release */ = {
			isa = XCBuildConfiguration;
			buildSettings = {
				ASSETCATALOG_COMPILER_APPICON_NAME = AppIcon;
				INFOPLIST_FILE = "A05.plist文件存储/Info.plist";
				LD_RUNPATH_SEARCH_PATHS = "$(inherited) @executable_path/Frameworks";
				PRODUCT_NAME = "$(TARGET_NAME)";
			};
			name = Release;
		};
		1841F2691A51063A007D325D /* Debug */ = {
			isa = XCBuildConfiguration;
			buildSettings = {
				BUNDLE_LOADER = "$(TEST_HOST)";
				FRAMEWORK_SEARCH_PATHS = (
					"$(SDKROOT)/Developer/Library/Frameworks",
					"$(inherited)",
				);
				GCC_PREPROCESSOR_DEFINITIONS = (
					"DEBUG=1",
					"$(inherited)",
				);
				INFOPLIST_FILE = "A05.plist文件存储Tests/Info.plist";
				LD_RUNPATH_SEARCH_PATHS = "$(inherited) @executable_path/Frameworks @loader_path/Frameworks";
				PRODUCT_NAME = "$(TARGET_NAME)";
				TEST_HOST = "$(BUILT_PRODUCTS_DIR)/A05.plist文件存储.app/A05.plist文件存储";
			};
			name = Debug;
		};
		1841F26A1A51063A007D325D /* Release */ = {
			isa = XCBuildConfiguration;
			buildSettings = {
				BUNDLE_LOADER = "$(TEST_HOST)";
				FRAMEWORK_SEARCH_PATHS = (
					"$(SDKROOT)/Developer/Library/Frameworks",
					"$(inherited)",
				);
				INFOPLIST_FILE = "A05.plist文件存储Tests/Info.plist";
				LD_RUNPATH_SEARCH_PATHS = "$(inherited) @executable_path/Frameworks @loader_path/Frameworks";
				PRODUCT_NAME = "$(TARGET_NAME)";
				TEST_HOST = "$(BUILT_PRODUCTS_DIR)/A05.plist文件存储.app/A05.plist文件存储";
			};
			name = Release;
		};
/* End XCBuildConfiguration section */

/* Begin XCConfigurationList section */
		1841F23D1A51063A007D325D /* Build configuration list for PBXProject "A05.plist文件存储" */ = {
			isa = XCConfigurationList;
			buildConfigurations = (
				1841F2631A51063A007D325D /* Debug */,
				1841F2641A51063A007D325D /* Release */,
			);
			defaultConfigurationIsVisible = 0;
			defaultConfigurationName = Release;
		};
		1841F2651A51063A007D325D /* Build configuration list for PBXNativeTarget "A05.plist文件存储" */ = {
			isa = XCConfigurationList;
			buildConfigurations = (
				1841F2661A51063A007D325D /* Debug */,
				1841F2671A51063A007D325D /* Release */,
			);
			defaultConfigurationIsVisible = 0;
			defaultConfigurationName = Release;
		};
		1841F2681A51063A007D325D /* Build configuration list for PBXNativeTarget "A05.plist文件存储Tests" */ = {
			isa = XCConfigurationList;
			buildConfigurations = (
				1841F2691A51063A007D325D /* Debug */,
				1841F26A1A51063A007D325D /* Release */,
			);
			defaultConfigurationIsVisible = 0;
			defaultConfigurationName = Release;
		};
/* End XCConfigurationList section */
	};
	rootObject = 1841F23A1A51063A007D325D /* Project object */;
}
